
Microsoft Visual Studio Solution File, Format Version 12.00
# Visual Studio Version 17
VisualStudioVersion = 17.14.36401.2
MinimumVisualStudioVersion = 10.0.40219.1
Project("{8BC9CEB8-8B4A-11D0-8D11-00A0C91BC942}") = "Chapter8_12", "Chapter8_12\Chapter8_12.vcxproj", "{8F014AF4-FEC2-4A94-A15B-17AF4CCB4F1A}"
EndProject
Project("{8BC9CEB8-8B4A-11D0-8D11-00A0C91BC942}") = "Chapter9_2", "Chapter9_2\Chapter9_2.vcxproj", "{AF35111D-1DEE-4307-98D9-FE0612ED173B}"
EndProject
Project("{8BC9CEB8-8B4A-11D0-8D11-00A0C91BC942}") = "Chapter9_3", "Chapter9_3\Chapter9_3.vcxproj", "{71DB6F8A-8BD9-4AFD-8D03-29C69C6C8B01}"
EndProject
Project("{8BC9CEB8-8B4A-11D0-8D11-00A0C91BC942}") = "Chapter9_4", "Chapter9_4\Chapter9_4.vcxproj", "{E51DBCAC-0D0F-4087-B6BE-3B143B5EBF7C}"
EndProject
Project("{8BC9CEB8-8B4A-11D0-8D11-00A0C91BC942}") = "Chapter9_5", "Chapter9_5\Chapter9_5.vcxproj", "{8212F7E3-F900-42BC-B131-341B7A9F924C}"
EndProject
Project("{8BC9CEB8-8B4A-11D0-8D11-00A0C91BC942}") = "Chapter9_6", "Chapter9_6\Chapter9_6.vcxproj", "{40651E1E-230C-4DA2-8A7A-05C179480C1D}"
EndProject
Project("{8BC9CEB8-8B4A-11D0-8D11-00A0C91BC942}") = "Chapter9_7", "Chapter9_7\Chapter9_7.vcxproj", "{F5698F71-E35A-425D-B20B-270C90CDF322}"
EndProject
Project("{8BC9CEB8-8B4A-11D0-8D11-00A0C91BC942}") = "Chapter9_8", "Chapter9_8\Chapter9_8.vcxproj", "{B3CF8F0D-25C8-4C0D-8A48-27F38DBBAE91}"
EndProject
Project("{8BC9CEB8-8B4A-11D0-8D11-00A0C91BC942}") = "Chapter9_9", "Chapter9_9\Chapter9_9.vcxproj", "{53751318-B0C6-496A-AE12-90818560F932}"
EndProject
Project("{8BC9CEB8-8B4A-11D0-8D11-00A0C91BC942}") = "Chapter9_10", "Chapter9_10\Chapter9_10.vcxproj", "{EEF6E254-93DC-4BC3-BC5A-0299640D91EA}"
EndProject
Project("{2150E333-8FDC-42A3-9474-1A3956D46DE8}") = "Chapter 9", "Chapter 9", "{C8D5274F-AC00-46C7-1F8D-E88E81087A52}"
EndProject
Project("{8BC9CEB8-8B4A-11D0-8D11-00A0C91BC942}") = "Chapter9_11", "Chapter9_11\Chapter9_11.vcxproj", "{D9E328EE-6C8B-426F-A46D-42A222A9015A}"
EndProject
Global
	GlobalSection(SolutionConfigurationPlatforms) = preSolution
		Debug|x64 = Debug|x64
		Debug|x86 = Debug|x86
		Release|x64 = Release|x64
		Release|x86 = Release|x86
	EndGlobalSection
	GlobalSection(ProjectConfigurationPlatforms) = postSolution
		{8F014AF4-FEC2-4A94-A15B-17AF4CCB4F1A}.Debug|x64.ActiveCfg = Debug|x64
		{8F014AF4-FEC2-4A94-A15B-17AF4CCB4F1A}.Debug|x64.Build.0 = Debug|x64
		{8F014AF4-FEC2-4A94-A15B-17AF4CCB4F1A}.Debug|x86.ActiveCfg = Debug|Win32
		{8F014AF4-FEC2-4A94-A15B-17AF4CCB4F1A}.Debug|x86.Build.0 = Debug|Win32
		{8F014AF4-FEC2-4A94-A15B-17AF4CCB4F1A}.Release|x64.ActiveCfg = Release|x64
		{8F014AF4-FEC2-4A94-A15B-17AF4CCB4F1A}.Release|x64.Build.0 = Release|x64
		{8F014AF4-FEC2-4A94-A15B-17AF4CCB4F1A}.Release|x86.ActiveCfg = Release|Win32
		{8F014AF4-FEC2-4A94-A15B-17AF4CCB4F1A}.Release|x86.Build.0 = Release|Win32
		{AF35111D-1DEE-4307-98D9-FE0612ED173B}.Debug|x64.ActiveCfg = Debug|x64
		{AF35111D-1DEE-4307-98D9-FE0612ED173B}.Debug|x64.Build.0 = Debug|x64
		{AF35111D-1DEE-4307-98D9-FE0612ED173B}.Debug|x86.ActiveCfg = Debug|Win32
		{AF35111D-1DEE-4307-98D9-FE0612ED173B}.Debug|x86.Build.0 = Debug|Win32
		{AF35111D-1DEE-4307-98D9-FE0612ED173B}.Release|x64.ActiveCfg = Release|x64
		{AF35111D-1DEE-4307-98D9-FE0612ED173B}.Release|x64.Build.0 = Release|x64
		{AF35111D-1DEE-4307-98D9-FE0612ED173B}.Release|x86.ActiveCfg = Release|Win32
		{AF35111D-1DEE-4307-98D9-FE0612ED173B}.Release|x86.Build.0 = Release|Win32
		{71DB6F8A-8BD9-4AFD-8D03-29C69C6C8B01}.Debug|x64.ActiveCfg = Debug|x64
		{71DB6F8A-8BD9-4AFD-8D03-29C69C6C8B01}.Debug|x64.Build.0 = Debug|x64
		{71DB6F8A-8BD9-4AFD-8D03-29C69C6C8B01}.Debug|x86.ActiveCfg = Debug|Win32
		{71DB6F8A-8BD9-4AFD-8D03-29C69C6C8B01}.Debug|x86.Build.0 = Debug|Win32
		{71DB6F8A-8BD9-4AFD-8D03-29C69C6C8B01}.Release|x64.ActiveCfg = Release|x64
		{71DB6F8A-8BD9-4AFD-8D03-29C69C6C8B01}.Release|x64.Build.0 = Release|x64
		{71DB6F8A-8BD9-4AFD-8D03-29C69C6C8B01}.Release|x86.ActiveCfg = Release|Win32
		{71DB6F8A-8BD9-4AFD-8D03-29C69C6C8B01}.Release|x86.Build.0 = Release|Win32
		{E51DBCAC-0D0F-4087-B6BE-3B143B5EBF7C}.Debug|x64.ActiveCfg = Debug|x64
		{E51DBCAC-0D0F-4087-B6BE-3B143B5EBF7C}.Debug|x64.Build.0 = Debug|x64
		{E51DBCAC-0D0F-4087-B6BE-3B143B5EBF7C}.Debug|x86.ActiveCfg = Debug|Win32
		{E51DBCAC-0D0F-4087-B6BE-3B143B5EBF7C}.Debug|x86.Build.0 = Debug|Win32
		{E51DBCAC-0D0F-4087-B6BE-3B143B5EBF7C}.Release|x64.ActiveCfg = Release|x64
		{E51DBCAC-0D0F-4087-B6BE-3B143B5EBF7C}.Release|x64.Build.0 = Release|x64
		{E51DBCAC-0D0F-4087-B6BE-3B143B5EBF7C}.Release|x86.ActiveCfg = Release|Win32
		{E51DBCAC-0D0F-4087-B6BE-3B143B5EBF7C}.Release|x86.Build.0 = Release|Win32
		{8212F7E3-F900-42BC-B131-341B7A9F924C}.Debug|x64.ActiveCfg = Debug|x64
		{8212F7E3-F900-42BC-B131-341B7A9F924C}.Debug|x64.Build.0 = Debug|x64
		{8212F7E3-F900-42BC-B131-341B7A9F924C}.Debug|x86.ActiveCfg = Debug|Win32
		{8212F7E3-F900-42BC-B131-341B7A9F924C}.Debug|x86.Build.0 = Debug|Win32
		{8212F7E3-F900-42BC-B131-341B7A9F924C}.Release|x64.ActiveCfg = Release|x64
		{8212F7E3-F900-42BC-B131-341B7A9F924C}.Release|x64.Build.0 = Release|x64
		{8212F7E3-F900-42BC-B131-341B7A9F924C}.Release|x86.ActiveCfg = Release|Win32
		{8212F7E3-F900-42BC-B131-341B7A9F924C}.Release|x86.Build.0 = Release|Win32
		{40651E1E-230C-4DA2-8A7A-05C179480C1D}.Debug|x64.ActiveCfg = Debug|x64
		{40651E1E-230C-4DA2-8A7A-05C179480C1D}.Debug|x64.Build.0 = Debug|x64
		{40651E1E-230C-4DA2-8A7A-05C179480C1D}.Debug|x86.ActiveCfg = Debug|Win32
		{40651E1E-230C-4DA2-8A7A-05C179480C1D}.Debug|x86.Build.0 = Debug|Win32
		{40651E1E-230C-4DA2-8A7A-05C179480C1D}.Release|x64.ActiveCfg = Release|x64
		{40651E1E-230C-4DA2-8A7A-05C179480C1D}.Release|x64.Build.0 = Release|x64
		{40651E1E-230C-4DA2-8A7A-05C179480C1D}.Release|x86.ActiveCfg = Release|Win32
		{40651E1E-230C-4DA2-8A7A-05C179480C1D}.Release|x86.Build.0 = Release|Win32
		{F5698F71-E35A-425D-B20B-270C90CDF322}.Debug|x64.ActiveCfg = Debug|x64
		{F5698F71-E35A-425D-B20B-270C90CDF322}.Debug|x64.Build.0 = Debug|x64
		{F5698F71-E35A-425D-B20B-270C90CDF322}.Debug|x86.ActiveCfg = Debug|Win32
		{F5698F71-E35A-425D-B20B-270C90CDF322}.Debug|x86.Build.0 = Debug|Win32
		{F5698F71-E35A-425D-B20B-270C90CDF322}.Release|x64.ActiveCfg = Release|x64
		{F5698F71-E35A-425D-B20B-270C90CDF322}.Release|x64.Build.0 = Release|x64
		{F5698F71-E35A-425D-B20B-270C90CDF322}.Release|x86.ActiveCfg = Release|Win32
		{F5698F71-E35A-425D-B20B-270C90CDF322}.Release|x86.Build.0 = Release|Win32
		{B3CF8F0D-25C8-4C0D-8A48-27F38DBBAE91}.Debug|x64.ActiveCfg = Debug|x64
		{B3CF8F0D-25C8-4C0D-8A48-27F38DBBAE91}.Debug|x64.Build.0 = Debug|x64
		{B3CF8F0D-25C8-4C0D-8A48-27F38DBBAE91}.Debug|x86.ActiveCfg = Debug|Win32
		{B3CF8F0D-25C8-4C0D-8A48-27F38DBBAE91}.Debug|x86.Build.0 = Debug|Win32
		{B3CF8F0D-25C8-4C0D-8A48-27F38DBBAE91}.Release|x64.ActiveCfg = Release|x64
		{B3CF8F0D-25C8-4C0D-8A48-27F38DBBAE91}.Release|x64.Build.0 = Release|x64
		{B3CF8F0D-25C8-4C0D-8A48-27F38DBBAE91}.Release|x86.ActiveCfg = Release|Win32
		{B3CF8F0D-25C8-4C0D-8A48-27F38DBBAE91}.Release|x86.Build.0 = Release|Win32
		{53751318-B0C6-496A-AE12-90818560F932}.Debug|x64.ActiveCfg = Debug|x64
		{53751318-B0C6-496A-AE12-90818560F932}.Debug|x64.Build.0 = Debug|x64
		{53751318-B0C6-496A-AE12-90818560F932}.Debug|x86.ActiveCfg = Debug|Win32
		{53751318-B0C6-496A-AE12-90818560F932}.Debug|x86.Build.0 = Debug|Win32
		{53751318-B0C6-496A-AE12-90818560F932}.Release|x64.ActiveCfg = Release|x64
		{53751318-B0C6-496A-AE12-90818560F932}.Release|x64.Build.0 = Release|x64
		{53751318-B0C6-496A-AE12-90818560F932}.Release|x86.ActiveCfg = Release|Win32
		{53751318-B0C6-496A-AE12-90818560F932}.Release|x86.Build.0 = Release|Win32
		{EEF6E254-93DC-4BC3-BC5A-0299640D91EA}.Debug|x64.ActiveCfg = Debug|x64
		{EEF6E254-93DC-4BC3-BC5A-0299640D91EA}.Debug|x64.Build.0 = Debug|x64
		{EEF6E254-93DC-4BC3-BC5A-0299640D91EA}.Debug|x86.ActiveCfg = Debug|Win32
		{EEF6E254-93DC-4BC3-BC5A-0299640D91EA}.Debug|x86.Build.0 = Debug|Win32
		{EEF6E254-93DC-4BC3-BC5A-0299640D91EA}.Release|x64.ActiveCfg = Release|x64
		{EEF6E254-93DC-4BC3-BC5A-0299640D91EA}.Release|x64.Build.0 = Release|x64
		{EEF6E254-93DC-4BC3-BC5A-0299640D91EA}.Release|x86.ActiveCfg = Release|Win32
		{EEF6E254-93DC-4BC3-BC5A-0299640D91EA}.Release|x86.Build.0 = Release|Win32
		{D9E328EE-6C8B-426F-A46D-42A222A9015A}.Debug|x64.ActiveCfg = Debug|x64
		{D9E328EE-6C8B-426F-A46D-42A222A9015A}.Debug|x64.Build.0 = Debug|x64
		{D9E328EE-6C8B-426F-A46D-42A222A9015A}.Debug|x86.ActiveCfg = Debug|Win32
		{D9E328EE-6C8B-426F-A46D-42A222A9015A}.Debug|x86.Build.0 = Debug|Win32
		{D9E328EE-6C8B-426F-A46D-42A222A9015A}.Release|x64.ActiveCfg = Release|x64
		{D9E328EE-6C8B-426F-A46D-42A222A9015A}.Release|x64.Build.0 = Release|x64
		{D9E328EE-6C8B-426F-A46D-42A222A9015A}.Release|x86.ActiveCfg = Release|Win32
		{D9E328EE-6C8B-426F-A46D-42A222A9015A}.Release|x86.Build.0 = Release|Win32
	EndGlobalSection
	GlobalSection(SolutionProperties) = preSolution
		HideSolutionNode = FALSE
	EndGlobalSection
	GlobalSection(NestedProjects) = preSolution
		{AF35111D-1DEE-4307-98D9-FE0612ED173B} = {C8D5274F-AC00-46C7-1F8D-E88E81087A52}
		{71DB6F8A-8BD9-4AFD-8D03-29C69C6C8B01} = {C8D5274F-AC00-46C7-1F8D-E88E81087A52}
		{E51DBCAC-0D0F-4087-B6BE-3B143B5EBF7C} = {C8D5274F-AC00-46C7-1F8D-E88E81087A52}
		{8212F7E3-F900-42BC-B131-341B7A9F924C} = {C8D5274F-AC00-46C7-1F8D-E88E81087A52}
		{40651E1E-230C-4DA2-8A7A-05C179480C1D} = {C8D5274F-AC00-46C7-1F8D-E88E81087A52}
		{F5698F71-E35A-425D-B20B-270C90CDF322} = {C8D5274F-AC00-46C7-1F8D-E88E81087A52}
		{B3CF8F0D-25C8-4C0D-8A48-27F38DBBAE91} = {C8D5274F-AC00-46C7-1F8D-E88E81087A52}
		{53751318-B0C6-496A-AE12-90818560F932} = {C8D5274F-AC00-46C7-1F8D-E88E81087A52}
		{EEF6E254-93DC-4BC3-BC5A-0299640D91EA} = {C8D5274F-AC00-46C7-1F8D-E88E81087A52}
		{D9E328EE-6C8B-426F-A46D-42A222A9015A} = {C8D5274F-AC00-46C7-1F8D-E88E81087A52}
	EndGlobalSection
	GlobalSection(ExtensibilityGlobals) = postSolution
		SolutionGuid = {52942EF7-F74D-4131-9580-5356CBB6675D}
	EndGlobalSection
EndGlobal
